
Microsoft Visual Studio Solution File, Format Version 12.00
# Visual Studio Version 17
VisualStudioVersion = 17.0.32112.339
MinimumVisualStudioVersion = 10.0.40219.1
Project("{9A19103F-16F7-4668-BE54-9A1E7A4F7556}") = "Restsharp-Specflow-Demo", "Payment\Restsharp-Specflow-Demo.csproj", "{1B1703DE-8BA9-48CE-95AE-544648F577EA}"
EndProject
Global
	GlobalSection(SolutionConfigurationPlatforms) = preSolution
		Debug|Any CPU = Debug|Any CPU
		Release|Any CPU = Release|Any CPU
	EndGlobalSection
	GlobalSection(ProjectConfigurationPlatforms) = postSolution
		{1B1703DE-8BA9-48CE-95AE-544648F577EA}.Debug|Any CPU.ActiveCfg = Debug|Any CPU
		{1B1703DE-8BA9-48CE-95AE-544648F577EA}.Debug|Any CPU.Build.0 = Debug|Any CPU
		{1B1703DE-8BA9-48CE-95AE-544648F577EA}.Release|Any CPU.ActiveCfg = Release|Any CPU
		{1B1703DE-8BA9-48CE-95AE-544648F577EA}.Release|Any CPU.Build.0 = Release|Any CPU
	EndGlobalSection
	GlobalSection(SolutionProperties) = preSolution
		HideSolutionNode = FALSE
	EndGlobalSection
	GlobalSection(ExtensibilityGlobals) = postSolution
		SolutionGuid = {72012689-DF75-4611-9D62-A900C44CD49E}
	EndGlobalSection
EndGlobal
